PODS:
  - EasyAnimation (2.2.1)
  - lottie-ios (3.2.3)

DEPENDENCIES:
  - EasyAnimation
  - lottie-ios

SPEC REPOS:
  trunk:
    - EasyAnimation
    - lottie-ios

SPEC CHECKSUMS:
  EasyAnimation: 226d133d23ef0ef99ddfb8928ff2a9a4a77d1cfd
  lottie-ios: c058aeafa76daa4cf64d773554bccc8385d0150e

PODFILE CHECKSUM: d047063c096b0924f7ff9364376e9b806c123271

COCOAPODS: 1.9.3
